
Microsoft Visual Studio Solution File, Format Version 12.00
# Visual Studio Version 16
VisualStudioVersion = 16.0.32630.194
MinimumVisualStudioVersion = 10.0.40219.1
Project("{FAE04EC0-301F-11D3-BF4B-00C04F79EFBC}") = "ConsoleApp", "ConsoleApp\ConsoleApp.csproj", "{320A08B3-61E4-4E1C-874E-C50B57DCE772}"
EndProject
Project("{FAE04EC0-301F-11D3-BF4B-00C04F79EFBC}") = "Utopic_Library", "Utopic_Library\Utopic_Library.csproj", "{DDEEBD3F-5D57-45E6-B09D-D53DEB99A313}"
EndProject
Global
	GlobalSection(SolutionConfigurationPlatforms) = preSolution
		Debug|Any CPU = Debug|Any CPU
		Release|Any CPU = Release|Any CPU
	EndGlobalSection
	GlobalSection(ProjectConfigurationPlatforms) = postSolution
		{320A08B3-61E4-4E1C-874E-C50B57DCE772}.Debug|Any CPU.ActiveCfg = Debug|Any CPU
		{320A08B3-61E4-4E1C-874E-C50B57DCE772}.Debug|Any CPU.Build.0 = Debug|Any CPU
		{320A08B3-61E4-4E1C-874E-C50B57DCE772}.Release|Any CPU.ActiveCfg = Release|Any CPU
		{320A08B3-61E4-4E1C-874E-C50B57DCE772}.Release|Any CPU.Build.0 = Release|Any CPU
		{DDEEBD3F-5D57-45E6-B09D-D53DEB99A313}.Debug|Any CPU.ActiveCfg = Debug|Any CPU
		{DDEEBD3F-5D57-45E6-B09D-D53DEB99A313}.Debug|Any CPU.Build.0 = Debug|Any CPU
		{DDEEBD3F-5D57-45E6-B09D-D53DEB99A313}.Release|Any CPU.ActiveCfg = Release|Any CPU
		{DDEEBD3F-5D57-45E6-B09D-D53DEB99A313}.Release|Any CPU.Build.0 = Release|Any CPU
	EndGlobalSection
	GlobalSection(SolutionProperties) = preSolution
		HideSolutionNode = FALSE
	EndGlobalSection
	GlobalSection(ExtensibilityGlobals) = postSolution
		SolutionGuid = {81B2A6E1-491F-46E2-A92B-02CB8BB5E5E0}
	EndGlobalSection
EndGlobal
